
Microsoft Visual Studio Solution File, Format Version 12.00
# Visual Studio Version 17
VisualStudioVersion = 17.6.33801.468
MinimumVisualStudioVersion = 10.0.40219.1
Project("{FAE04EC0-301F-11D3-BF4B-00C04F79EFBC}") = "DynaMotion", "DynaMotion\DynaMotion.csproj", "{397BF0DD-11FA-400B-B582-8A45F2288915}"
EndProject
Global
	GlobalSection(SolutionConfigurationPlatforms) = preSolution
		Debug|Any CPU = Debug|Any CPU
		Release|Any CPU = Release|Any CPU
	EndGlobalSection
	GlobalSection(ProjectConfigurationPlatforms) = postSolution
		{397BF0DD-11FA-400B-B582-8A45F2288915}.Debug|Any CPU.ActiveCfg = Debug|Any CPU
		{397BF0DD-11FA-400B-B582-8A45F2288915}.Debug|Any CPU.Build.0 = Debug|Any CPU
		{397BF0DD-11FA-400B-B582-8A45F2288915}.Release|Any CPU.ActiveCfg = Release|Any CPU
		{397BF0DD-11FA-400B-B582-8A45F2288915}.Release|Any CPU.Build.0 = Release|Any CPU
	EndGlobalSection
	GlobalSection(SolutionProperties) = preSolution
		HideSolutionNode = FALSE
	EndGlobalSection
	GlobalSection(ExtensibilityGlobals) = postSolution
		SolutionGuid = {708D61C3-E040-4397-B109-B78CA9436376}
	EndGlobalSection
EndGlobal
